
Microsoft Visual Studio Solution File, Format Version 12.00
# Visual Studio Version 16
VisualStudioVersion = 16.0.30413.136
MinimumVisualStudioVersion = 10.0.40219.1
Project("{FAE04EC0-301F-11D3-BF4B-00C04F79EFBC}") = "Zadanie2_WPF", "Zadanie2_WPF\Zadanie2_WPF.csproj", "{32A2E722-DCA4-410F-BA3E-209FDB1BC49E}"
EndProject
Global
	GlobalSection(SolutionConfigurationPlatforms) = preSolution
		Debug|Any CPU = Debug|Any CPU
		Release|Any CPU = Release|Any CPU
	EndGlobalSection
	GlobalSection(ProjectConfigurationPlatforms) = postSolution
		{32A2E722-DCA4-410F-BA3E-209FDB1BC49E}.Debug|Any CPU.ActiveCfg = Debug|Any CPU
		{32A2E722-DCA4-410F-BA3E-209FDB1BC49E}.Debug|Any CPU.Build.0 = Debug|Any CPU
		{32A2E722-DCA4-410F-BA3E-209FDB1BC49E}.Release|Any CPU.ActiveCfg = Release|Any CPU
		{32A2E722-DCA4-410F-BA3E-209FDB1BC49E}.Release|Any CPU.Build.0 = Release|Any CPU
	EndGlobalSection
	GlobalSection(SolutionProperties) = preSolution
		HideSolutionNode = FALSE
	EndGlobalSection
	GlobalSection(ExtensibilityGlobals) = postSolution
		SolutionGuid = {2A824D91-DE71-4322-9799-C32C3156CDDA}
	EndGlobalSection
EndGlobal
