
Microsoft Visual Studio Solution File, Format Version 12.00
# Visual Studio Version 16
VisualStudioVersion = 16.0.30413.136
MinimumVisualStudioVersion = 10.0.40219.1
Project("{FAE04EC0-301F-11D3-BF4B-00C04F79EFBC}") = "Silnie_spojne_skladowe", "Silnie_spojne_skladowe\Silnie_spojne_skladowe.csproj", "{B3D8EC66-7BC0-4166-8276-844C9767AA2A}"
EndProject
Global
	GlobalSection(SolutionConfigurationPlatforms) = preSolution
		Debug|Any CPU = Debug|Any CPU
		Release|Any CPU = Release|Any CPU
	EndGlobalSection
	GlobalSection(ProjectConfigurationPlatforms) = postSolution
		{B3D8EC66-7BC0-4166-8276-844C9767AA2A}.Debug|Any CPU.ActiveCfg = Debug|Any CPU
		{B3D8EC66-7BC0-4166-8276-844C9767AA2A}.Debug|Any CPU.Build.0 = Debug|Any CPU
		{B3D8EC66-7BC0-4166-8276-844C9767AA2A}.Release|Any CPU.ActiveCfg = Release|Any CPU
		{B3D8EC66-7BC0-4166-8276-844C9767AA2A}.Release|Any CPU.Build.0 = Release|Any CPU
	EndGlobalSection
	GlobalSection(SolutionProperties) = preSolution
		HideSolutionNode = FALSE
	EndGlobalSection
	GlobalSection(ExtensibilityGlobals) = postSolution
		SolutionGuid = {94E095F8-6363-4F9F-B8A0-8F0AAC5FA70B}
	EndGlobalSection
EndGlobal
